
Microsoft Visual Studio Solution File, Format Version 12.00
# Visual Studio 15
VisualStudioVersion = 15.0.27130.2003
MinimumVisualStudioVersion = 10.0.40219.1
Project("{FAE04EC0-301F-11D3-BF4B-00C04F79EFBC}") = "Raybiztech.Kentico12.MVC.Widgets.GoogleMap", "Raybiztech.Kentico12.MVC.Widgets.GoogleMap\Raybiztech.Kentico12.MVC.Widgets.GoogleMap.csproj", "{27276F26-E79D-41D2-9F85-7D15E5D1C493}"
EndProject
Project("{FAE04EC0-301F-11D3-BF4B-00C04F79EFBC}") = "Raybiztech.Kentico12.MVC.Widgets.EditableImage", "Raybiztech.Kentico12.MVC.Widgets.EditableImage\Raybiztech.Kentico12.MVC.Widgets.EditableImage.csproj", "{93FCB728-6F61-45A3-A68F-C4CA157C6D64}"
EndProject
Project("{FAE04EC0-301F-11D3-BF4B-00C04F79EFBC}") = "Raybiztech.Kentico12.MVC.Widgets.YouTubeVideo", "Raybiztech.Kentico12.MVC.Widgets.YouTubeVideo\Raybiztech.Kentico12.MVC.Widgets.YouTubeVideo.csproj", "{36D368CB-6FAB-4DA3-8F47-42BAD8C7677B}"
EndProject
Project("{FAE04EC0-301F-11D3-BF4B-00C04F79EFBC}") = "Raybiztech.Kentico12.MVC.Widgets.LinkButton", "Raybiztech.Kentico12.MVC.Widgets.LinkButton\Raybiztech.Kentico12.MVC.Widgets.LinkButton.csproj", "{33B60031-36CC-4142-B9B7-162ADC83EB67}"
EndProject
Project("{FAE04EC0-301F-11D3-BF4B-00C04F79EFBC}") = "Raybiztech.Kentico12.MVC.Widgets.ImageCard", "Raybiztech.Kentico12.MVC.Widgets.ImageCard\Raybiztech.Kentico12.MVC.Widgets.ImageCard.csproj", "{C0A32A9B-C732-4AD0-A8C8-E1B14054B9D3}"
EndProject
Project("{FAE04EC0-301F-11D3-BF4B-00C04F79EFBC}") = "Raybiztech.Kentico12.MVC.Widgets.ImageVideoCarousel", "Raybiztech.Kentico12.MVC.Widgets.ImageVideoCarousel\Raybiztech.Kentico12.MVC.Widgets.ImageVideoCarousel.csproj", "{D2FD7DBB-9B6B-4272-8076-8966C151E9FE}"
EndProject
Global
	GlobalSection(SolutionConfigurationPlatforms) = preSolution
		Debug|Any CPU = Debug|Any CPU
		Release|Any CPU = Release|Any CPU
	EndGlobalSection
	GlobalSection(ProjectConfigurationPlatforms) = postSolution
		{27276F26-E79D-41D2-9F85-7D15E5D1C493}.Debug|Any CPU.ActiveCfg = Debug|Any CPU
		{27276F26-E79D-41D2-9F85-7D15E5D1C493}.Debug|Any CPU.Build.0 = Debug|Any CPU
		{27276F26-E79D-41D2-9F85-7D15E5D1C493}.Release|Any CPU.ActiveCfg = Release|Any CPU
		{27276F26-E79D-41D2-9F85-7D15E5D1C493}.Release|Any CPU.Build.0 = Release|Any CPU
		{93FCB728-6F61-45A3-A68F-C4CA157C6D64}.Debug|Any CPU.ActiveCfg = Debug|Any CPU
		{93FCB728-6F61-45A3-A68F-C4CA157C6D64}.Debug|Any CPU.Build.0 = Debug|Any CPU
		{93FCB728-6F61-45A3-A68F-C4CA157C6D64}.Release|Any CPU.ActiveCfg = Release|Any CPU
		{93FCB728-6F61-45A3-A68F-C4CA157C6D64}.Release|Any CPU.Build.0 = Release|Any CPU
		{36D368CB-6FAB-4DA3-8F47-42BAD8C7677B}.Debug|Any CPU.ActiveCfg = Debug|Any CPU
		{36D368CB-6FAB-4DA3-8F47-42BAD8C7677B}.Debug|Any CPU.Build.0 = Debug|Any CPU
		{36D368CB-6FAB-4DA3-8F47-42BAD8C7677B}.Release|Any CPU.ActiveCfg = Release|Any CPU
		{36D368CB-6FAB-4DA3-8F47-42BAD8C7677B}.Release|Any CPU.Build.0 = Release|Any CPU
		{33B60031-36CC-4142-B9B7-162ADC83EB67}.Debug|Any CPU.ActiveCfg = Debug|Any CPU
		{33B60031-36CC-4142-B9B7-162ADC83EB67}.Debug|Any CPU.Build.0 = Debug|Any CPU
		{33B60031-36CC-4142-B9B7-162ADC83EB67}.Release|Any CPU.ActiveCfg = Release|Any CPU
		{33B60031-36CC-4142-B9B7-162ADC83EB67}.Release|Any CPU.Build.0 = Release|Any CPU
		{C0A32A9B-C732-4AD0-A8C8-E1B14054B9D3}.Debug|Any CPU.ActiveCfg = Debug|Any CPU
		{C0A32A9B-C732-4AD0-A8C8-E1B14054B9D3}.Debug|Any CPU.Build.0 = Debug|Any CPU
		{C0A32A9B-C732-4AD0-A8C8-E1B14054B9D3}.Release|Any CPU.ActiveCfg = Release|Any CPU
		{C0A32A9B-C732-4AD0-A8C8-E1B14054B9D3}.Release|Any CPU.Build.0 = Release|Any CPU
		{D2FD7DBB-9B6B-4272-8076-8966C151E9FE}.Debug|Any CPU.ActiveCfg = Debug|Any CPU
		{D2FD7DBB-9B6B-4272-8076-8966C151E9FE}.Debug|Any CPU.Build.0 = Debug|Any CPU
		{D2FD7DBB-9B6B-4272-8076-8966C151E9FE}.Release|Any CPU.ActiveCfg = Release|Any CPU
		{D2FD7DBB-9B6B-4272-8076-8966C151E9FE}.Release|Any CPU.Build.0 = Release|Any CPU
	EndGlobalSection
	GlobalSection(SolutionProperties) = preSolution
		HideSolutionNode = FALSE
	EndGlobalSection
	GlobalSection(ExtensibilityGlobals) = postSolution
		SolutionGuid = {F07ECDB6-E645-4D9B-8CC2-25DFA10DFA4A}
	EndGlobalSection
EndGlobal
